
Microsoft Visual Studio Solution File, Format Version 12.00
# Visual Studio 14
VisualStudioVersion = 14.0.25420.1
MinimumVisualStudioVersion = 10.0.40219.1
Project("{F184B08F-C81C-45F6-A57F-5ABD9991F28F}") = "Negocio", "Negocio\Negocio.vbproj", "{D0101B76-7CE1-476B-84F3-9E99244C1E88}"
EndProject
Project("{F184B08F-C81C-45F6-A57F-5ABD9991F28F}") = "Entidades", "Entidades\Entidades.vbproj", "{9F729C51-E2DE-49E8-9C49-DCF6BEFDCAAB}"
EndProject
Project("{F184B08F-C81C-45F6-A57F-5ABD9991F28F}") = "Datos", "Datos\Datos.vbproj", "{031B7818-3E58-477F-BFAD-17166F3026AF}"
EndProject
Project("{F184B08F-C81C-45F6-A57F-5ABD9991F28F}") = "SistemaCinderella", "SistemaCinderella.vbproj", "{ED800F09-E2A4-45A3-BC9A-FEC1FD670368}"
EndProject
Project("{F184B08F-C81C-45F6-A57F-5ABD9991F28F}") = "Servicios", "Servicios\Servicios.vbproj", "{59AFDBA5-8C7E-4C73-8A37-A7AABD4FEC7F}"
EndProject
Project("{FAE04EC0-301F-11D3-BF4B-00C04F79EFBC}") = "Comunes", "..\Comunes\Comunes.csproj", "{9418CC85-D313-44F6-9B84-2670327F5C18}"
EndProject
Project("{2150E333-8FDC-42A3-9474-1A3956D46DE8}") = "Common", "Common", "{9D3ED10E-1A90-4FC7-A92C-9D5A5505DB56}"
EndProject
Project("{FAE04EC0-301F-11D3-BF4B-00C04F79EFBC}") = "Common.Core", "Common.Core\Common.Core.csproj", "{FC33C392-4689-4CE9-93DD-CDAB4A65C04C}"
EndProject
Project("{2150E333-8FDC-42A3-9474-1A3956D46DE8}") = "Infraestructura", "Infraestructura", "{02BD11D7-E092-4589-9293-11269C420EDC}"
EndProject
Project("{2150E333-8FDC-42A3-9474-1A3956D46DE8}") = "Venta", "Venta", "{582340EE-71CA-4122-9462-986441A13890}"
EndProject
Project("{2150E333-8FDC-42A3-9474-1A3956D46DE8}") = "Intraestructura", "Intraestructura", "{CBE74391-38DF-4608-84F8-CAE57D47473D}"
EndProject
Project("{FAE04EC0-301F-11D3-BF4B-00C04F79EFBC}") = "Ventas.Core", "Ventas.Core\Ventas.Core.csproj", "{2F8F3F48-9EC8-4F64-8565-5A15CF49E570}"
EndProject
Project("{FAE04EC0-301F-11D3-BF4B-00C04F79EFBC}") = "Ventas.Data", "Ventas.Data\Ventas.Data.csproj", "{9604A1B8-8F7F-4B63-967E-EC7AEE5A9453}"
EndProject
Project("{FAE04EC0-301F-11D3-BF4B-00C04F79EFBC}") = "Ventas.Test", "Ventas.Test\Ventas.Test.csproj", "{E3EC1606-5232-47AA-8F03-A4CCC583A7CA}"
EndProject
Project("{FAE04EC0-301F-11D3-BF4B-00C04F79EFBC}") = "Common.Data", "Common.Data\Common.Data.csproj", "{FB58F971-FF75-4FF7-8B90-53290A8DA46F}"
EndProject
Project("{FAE04EC0-301F-11D3-BF4B-00C04F79EFBC}") = "Controles", "Controles\Controles.csproj", "{197444E3-7A32-4A44-A9A0-551595095A64}"
EndProject
Project("{FAE04EC0-301F-11D3-BF4B-00C04F79EFBC}") = "Common.Service", "..\Common.Service\Common.Service.csproj", "{6CD90B40-30A0-4AD5-A5BF-11B2A2EFDD71}"
EndProject
Project("{FAE04EC0-301F-11D3-BF4B-00C04F79EFBC}") = "Common.Device", "Common.Device\Common.Device.csproj", "{72CB5F3C-E9A6-438F-9CCB-090DF126BDD8}"
EndProject
Project("{FAE04EC0-301F-11D3-BF4B-00C04F79EFBC}") = "Ventas.Suport", "..\Ventas.Suport\Ventas.Suport.csproj", "{78EA4AA7-C920-4377-AE7F-6081E1320420}"
EndProject
Global
	GlobalSection(SolutionConfigurationPlatforms) = preSolution
		Debug|Any CPU = Debug|Any CPU
		Debug|Mixed Platforms = Debug|Mixed Platforms
		Debug|x86 = Debug|x86
		Release|Any CPU = Release|Any CPU
		Release|Mixed Platforms = Release|Mixed Platforms
		Release|x86 = Release|x86
	EndGlobalSection
	GlobalSection(ProjectConfigurationPlatforms) = postSolution
		{D0101B76-7CE1-476B-84F3-9E99244C1E88}.Debug|Any CPU.ActiveCfg = Debug|Any CPU
		{D0101B76-7CE1-476B-84F3-9E99244C1E88}.Debug|Any CPU.Build.0 = Debug|Any CPU
		{D0101B76-7CE1-476B-84F3-9E99244C1E88}.Debug|Mixed Platforms.ActiveCfg = Debug|Any CPU
		{D0101B76-7CE1-476B-84F3-9E99244C1E88}.Debug|Mixed Platforms.Build.0 = Debug|Any CPU
		{D0101B76-7CE1-476B-84F3-9E99244C1E88}.Debug|x86.ActiveCfg = Debug|Any CPU
		{D0101B76-7CE1-476B-84F3-9E99244C1E88}.Release|Any CPU.ActiveCfg = Release|Any CPU
		{D0101B76-7CE1-476B-84F3-9E99244C1E88}.Release|Any CPU.Build.0 = Release|Any CPU
		{D0101B76-7CE1-476B-84F3-9E99244C1E88}.Release|Mixed Platforms.ActiveCfg = Release|Any CPU
		{D0101B76-7CE1-476B-84F3-9E99244C1E88}.Release|Mixed Platforms.Build.0 = Release|Any CPU
		{D0101B76-7CE1-476B-84F3-9E99244C1E88}.Release|x86.ActiveCfg = Release|Any CPU
		{9F729C51-E2DE-49E8-9C49-DCF6BEFDCAAB}.Debug|Any CPU.ActiveCfg = Debug|Any CPU
		{9F729C51-E2DE-49E8-9C49-DCF6BEFDCAAB}.Debug|Any CPU.Build.0 = Debug|Any CPU
		{9F729C51-E2DE-49E8-9C49-DCF6BEFDCAAB}.Debug|Mixed Platforms.ActiveCfg = Debug|Any CPU
		{9F729C51-E2DE-49E8-9C49-DCF6BEFDCAAB}.Debug|Mixed Platforms.Build.0 = Debug|Any CPU
		{9F729C51-E2DE-49E8-9C49-DCF6BEFDCAAB}.Debug|x86.ActiveCfg = Debug|Any CPU
		{9F729C51-E2DE-49E8-9C49-DCF6BEFDCAAB}.Release|Any CPU.ActiveCfg = Release|Any CPU
		{9F729C51-E2DE-49E8-9C49-DCF6BEFDCAAB}.Release|Any CPU.Build.0 = Release|Any CPU
		{9F729C51-E2DE-49E8-9C49-DCF6BEFDCAAB}.Release|Mixed Platforms.ActiveCfg = Release|Any CPU
		{9F729C51-E2DE-49E8-9C49-DCF6BEFDCAAB}.Release|Mixed Platforms.Build.0 = Release|Any CPU
		{9F729C51-E2DE-49E8-9C49-DCF6BEFDCAAB}.Release|x86.ActiveCfg = Release|Any CPU
		{031B7818-3E58-477F-BFAD-17166F3026AF}.Debug|Any CPU.ActiveCfg = Debug|Any CPU
		{031B7818-3E58-477F-BFAD-17166F3026AF}.Debug|Any CPU.Build.0 = Debug|Any CPU
		{031B7818-3E58-477F-BFAD-17166F3026AF}.Debug|Mixed Platforms.ActiveCfg = Debug|Any CPU
		{031B7818-3E58-477F-BFAD-17166F3026AF}.Debug|Mixed Platforms.Build.0 = Debug|Any CPU
		{031B7818-3E58-477F-BFAD-17166F3026AF}.Debug|x86.ActiveCfg = Debug|Any CPU
		{031B7818-3E58-477F-BFAD-17166F3026AF}.Release|Any CPU.ActiveCfg = Release|Any CPU
		{031B7818-3E58-477F-BFAD-17166F3026AF}.Release|Any CPU.Build.0 = Release|Any CPU
		{031B7818-3E58-477F-BFAD-17166F3026AF}.Release|Mixed Platforms.ActiveCfg = Release|Any CPU
		{031B7818-3E58-477F-BFAD-17166F3026AF}.Release|Mixed Platforms.Build.0 = Release|Any CPU
		{031B7818-3E58-477F-BFAD-17166F3026AF}.Release|x86.ActiveCfg = Release|Any CPU
		{ED800F09-E2A4-45A3-BC9A-FEC1FD670368}.Debug|Any CPU.ActiveCfg = Debug|Any CPU
		{ED800F09-E2A4-45A3-BC9A-FEC1FD670368}.Debug|Any CPU.Build.0 = Debug|Any CPU
		{ED800F09-E2A4-45A3-BC9A-FEC1FD670368}.Debug|Mixed Platforms.ActiveCfg = Debug|Any CPU
		{ED800F09-E2A4-45A3-BC9A-FEC1FD670368}.Debug|Mixed Platforms.Build.0 = Debug|Any CPU
		{ED800F09-E2A4-45A3-BC9A-FEC1FD670368}.Debug|x86.ActiveCfg = Debug|x86
		{ED800F09-E2A4-45A3-BC9A-FEC1FD670368}.Debug|x86.Build.0 = Debug|x86
		{ED800F09-E2A4-45A3-BC9A-FEC1FD670368}.Release|Any CPU.ActiveCfg = Release|Any CPU
		{ED800F09-E2A4-45A3-BC9A-FEC1FD670368}.Release|Any CPU.Build.0 = Release|Any CPU
		{ED800F09-E2A4-45A3-BC9A-FEC1FD670368}.Release|Mixed Platforms.ActiveCfg = Release|x86
		{ED800F09-E2A4-45A3-BC9A-FEC1FD670368}.Release|Mixed Platforms.Build.0 = Release|x86
		{ED800F09-E2A4-45A3-BC9A-FEC1FD670368}.Release|x86.ActiveCfg = Release|x86
		{ED800F09-E2A4-45A3-BC9A-FEC1FD670368}.Release|x86.Build.0 = Release|x86
		{59AFDBA5-8C7E-4C73-8A37-A7AABD4FEC7F}.Debug|Any CPU.ActiveCfg = Debug|Any CPU
		{59AFDBA5-8C7E-4C73-8A37-A7AABD4FEC7F}.Debug|Any CPU.Build.0 = Debug|Any CPU
		{59AFDBA5-8C7E-4C73-8A37-A7AABD4FEC7F}.Debug|Mixed Platforms.ActiveCfg = Debug|Any CPU
		{59AFDBA5-8C7E-4C73-8A37-A7AABD4FEC7F}.Debug|Mixed Platforms.Build.0 = Debug|Any CPU
		{59AFDBA5-8C7E-4C73-8A37-A7AABD4FEC7F}.Debug|x86.ActiveCfg = Debug|Any CPU
		{59AFDBA5-8C7E-4C73-8A37-A7AABD4FEC7F}.Release|Any CPU.ActiveCfg = Release|Any CPU
		{59AFDBA5-8C7E-4C73-8A37-A7AABD4FEC7F}.Release|Any CPU.Build.0 = Release|Any CPU
		{59AFDBA5-8C7E-4C73-8A37-A7AABD4FEC7F}.Release|Mixed Platforms.ActiveCfg = Release|Any CPU
		{59AFDBA5-8C7E-4C73-8A37-A7AABD4FEC7F}.Release|Mixed Platforms.Build.0 = Release|Any CPU
		{59AFDBA5-8C7E-4C73-8A37-A7AABD4FEC7F}.Release|x86.ActiveCfg = Release|Any CPU
		{9418CC85-D313-44F6-9B84-2670327F5C18}.Debug|Any CPU.ActiveCfg = Debug|Any CPU
		{9418CC85-D313-44F6-9B84-2670327F5C18}.Debug|Any CPU.Build.0 = Debug|Any CPU
		{9418CC85-D313-44F6-9B84-2670327F5C18}.Debug|Mixed Platforms.ActiveCfg = Debug|Any CPU
		{9418CC85-D313-44F6-9B84-2670327F5C18}.Debug|Mixed Platforms.Build.0 = Debug|Any CPU
		{9418CC85-D313-44F6-9B84-2670327F5C18}.Debug|x86.ActiveCfg = Debug|Any CPU
		{9418CC85-D313-44F6-9B84-2670327F5C18}.Debug|x86.Build.0 = Debug|Any CPU
		{9418CC85-D313-44F6-9B84-2670327F5C18}.Release|Any CPU.ActiveCfg = Release|Any CPU
		{9418CC85-D313-44F6-9B84-2670327F5C18}.Release|Any CPU.Build.0 = Release|Any CPU
		{9418CC85-D313-44F6-9B84-2670327F5C18}.Release|Mixed Platforms.ActiveCfg = Release|Any CPU
		{9418CC85-D313-44F6-9B84-2670327F5C18}.Release|Mixed Platforms.Build.0 = Release|Any CPU
		{9418CC85-D313-44F6-9B84-2670327F5C18}.Release|x86.ActiveCfg = Release|Any CPU
		{9418CC85-D313-44F6-9B84-2670327F5C18}.Release|x86.Build.0 = Release|Any CPU
		{FC33C392-4689-4CE9-93DD-CDAB4A65C04C}.Debug|Any CPU.ActiveCfg = Debug|Any CPU
		{FC33C392-4689-4CE9-93DD-CDAB4A65C04C}.Debug|Any CPU.Build.0 = Debug|Any CPU
		{FC33C392-4689-4CE9-93DD-CDAB4A65C04C}.Debug|Mixed Platforms.ActiveCfg = Debug|Any CPU
		{FC33C392-4689-4CE9-93DD-CDAB4A65C04C}.Debug|Mixed Platforms.Build.0 = Debug|Any CPU
		{FC33C392-4689-4CE9-93DD-CDAB4A65C04C}.Debug|x86.ActiveCfg = Debug|Any CPU
		{FC33C392-4689-4CE9-93DD-CDAB4A65C04C}.Debug|x86.Build.0 = Debug|Any CPU
		{FC33C392-4689-4CE9-93DD-CDAB4A65C04C}.Release|Any CPU.ActiveCfg = Release|Any CPU
		{FC33C392-4689-4CE9-93DD-CDAB4A65C04C}.Release|Any CPU.Build.0 = Release|Any CPU
		{FC33C392-4689-4CE9-93DD-CDAB4A65C04C}.Release|Mixed Platforms.ActiveCfg = Release|Any CPU
		{FC33C392-4689-4CE9-93DD-CDAB4A65C04C}.Release|Mixed Platforms.Build.0 = Release|Any CPU
		{FC33C392-4689-4CE9-93DD-CDAB4A65C04C}.Release|x86.ActiveCfg = Release|Any CPU
		{FC33C392-4689-4CE9-93DD-CDAB4A65C04C}.Release|x86.Build.0 = Release|Any CPU
		{2F8F3F48-9EC8-4F64-8565-5A15CF49E570}.Debug|Any CPU.ActiveCfg = Debug|Any CPU
		{2F8F3F48-9EC8-4F64-8565-5A15CF49E570}.Debug|Any CPU.Build.0 = Debug|Any CPU
		{2F8F3F48-9EC8-4F64-8565-5A15CF49E570}.Debug|Mixed Platforms.ActiveCfg = Debug|Any CPU
		{2F8F3F48-9EC8-4F64-8565-5A15CF49E570}.Debug|Mixed Platforms.Build.0 = Debug|Any CPU
		{2F8F3F48-9EC8-4F64-8565-5A15CF49E570}.Debug|x86.ActiveCfg = Debug|Any CPU
		{2F8F3F48-9EC8-4F64-8565-5A15CF49E570}.Debug|x86.Build.0 = Debug|Any CPU
		{2F8F3F48-9EC8-4F64-8565-5A15CF49E570}.Release|Any CPU.ActiveCfg = Release|Any CPU
		{2F8F3F48-9EC8-4F64-8565-5A15CF49E570}.Release|Any CPU.Build.0 = Release|Any CPU
		{2F8F3F48-9EC8-4F64-8565-5A15CF49E570}.Release|Mixed Platforms.ActiveCfg = Release|Any CPU
		{2F8F3F48-9EC8-4F64-8565-5A15CF49E570}.Release|Mixed Platforms.Build.0 = Release|Any CPU
		{2F8F3F48-9EC8-4F64-8565-5A15CF49E570}.Release|x86.ActiveCfg = Release|Any CPU
		{2F8F3F48-9EC8-4F64-8565-5A15CF49E570}.Release|x86.Build.0 = Release|Any CPU
		{9604A1B8-8F7F-4B63-967E-EC7AEE5A9453}.Debug|Any CPU.ActiveCfg = Debug|Any CPU
		{9604A1B8-8F7F-4B63-967E-EC7AEE5A9453}.Debug|Any CPU.Build.0 = Debug|Any CPU
		{9604A1B8-8F7F-4B63-967E-EC7AEE5A9453}.Debug|Mixed Platforms.ActiveCfg = Debug|Any CPU
		{9604A1B8-8F7F-4B63-967E-EC7AEE5A9453}.Debug|Mixed Platforms.Build.0 = Debug|Any CPU
		{9604A1B8-8F7F-4B63-967E-EC7AEE5A9453}.Debug|x86.ActiveCfg = Debug|Any CPU
		{9604A1B8-8F7F-4B63-967E-EC7AEE5A9453}.Debug|x86.Build.0 = Debug|Any CPU
		{9604A1B8-8F7F-4B63-967E-EC7AEE5A9453}.Release|Any CPU.ActiveCfg = Release|Any CPU
		{9604A1B8-8F7F-4B63-967E-EC7AEE5A9453}.Release|Any CPU.Build.0 = Release|Any CPU
		{9604A1B8-8F7F-4B63-967E-EC7AEE5A9453}.Release|Mixed Platforms.ActiveCfg = Release|Any CPU
		{9604A1B8-8F7F-4B63-967E-EC7AEE5A9453}.Release|Mixed Platforms.Build.0 = Release|Any CPU
		{9604A1B8-8F7F-4B63-967E-EC7AEE5A9453}.Release|x86.ActiveCfg = Release|Any CPU
		{9604A1B8-8F7F-4B63-967E-EC7AEE5A9453}.Release|x86.Build.0 = Release|Any CPU
		{E3EC1606-5232-47AA-8F03-A4CCC583A7CA}.Debug|Any CPU.ActiveCfg = Debug|Any CPU
		{E3EC1606-5232-47AA-8F03-A4CCC583A7CA}.Debug|Any CPU.Build.0 = Debug|Any CPU
		{E3EC1606-5232-47AA-8F03-A4CCC583A7CA}.Debug|Mixed Platforms.ActiveCfg = Debug|Any CPU
		{E3EC1606-5232-47AA-8F03-A4CCC583A7CA}.Debug|x86.ActiveCfg = Debug|Any CPU
		{E3EC1606-5232-47AA-8F03-A4CCC583A7CA}.Debug|x86.Build.0 = Debug|Any CPU
		{E3EC1606-5232-47AA-8F03-A4CCC583A7CA}.Release|Any CPU.ActiveCfg = Release|Any CPU
		{E3EC1606-5232-47AA-8F03-A4CCC583A7CA}.Release|Any CPU.Build.0 = Release|Any CPU
		{E3EC1606-5232-47AA-8F03-A4CCC583A7CA}.Release|Mixed Platforms.ActiveCfg = Release|Any CPU
		{E3EC1606-5232-47AA-8F03-A4CCC583A7CA}.Release|Mixed Platforms.Build.0 = Release|Any CPU
		{E3EC1606-5232-47AA-8F03-A4CCC583A7CA}.Release|x86.ActiveCfg = Release|Any CPU
		{E3EC1606-5232-47AA-8F03-A4CCC583A7CA}.Release|x86.Build.0 = Release|Any CPU
		{FB58F971-FF75-4FF7-8B90-53290A8DA46F}.Debug|Any CPU.ActiveCfg = Debug|Any CPU
		{FB58F971-FF75-4FF7-8B90-53290A8DA46F}.Debug|Any CPU.Build.0 = Debug|Any CPU
		{FB58F971-FF75-4FF7-8B90-53290A8DA46F}.Debug|Mixed Platforms.ActiveCfg = Debug|Any CPU
		{FB58F971-FF75-4FF7-8B90-53290A8DA46F}.Debug|Mixed Platforms.Build.0 = Debug|Any CPU
		{FB58F971-FF75-4FF7-8B90-53290A8DA46F}.Debug|x86.ActiveCfg = Debug|Any CPU
		{FB58F971-FF75-4FF7-8B90-53290A8DA46F}.Debug|x86.Build.0 = Debug|Any CPU
		{FB58F971-FF75-4FF7-8B90-53290A8DA46F}.Release|Any CPU.ActiveCfg = Release|Any CPU
		{FB58F971-FF75-4FF7-8B90-53290A8DA46F}.Release|Any CPU.Build.0 = Release|Any CPU
		{FB58F971-FF75-4FF7-8B90-53290A8DA46F}.Release|Mixed Platforms.ActiveCfg = Release|Any CPU
		{FB58F971-FF75-4FF7-8B90-53290A8DA46F}.Release|Mixed Platforms.Build.0 = Release|Any CPU
		{FB58F971-FF75-4FF7-8B90-53290A8DA46F}.Release|x86.ActiveCfg = Release|Any CPU
		{FB58F971-FF75-4FF7-8B90-53290A8DA46F}.Release|x86.Build.0 = Release|Any CPU
		{197444E3-7A32-4A44-A9A0-551595095A64}.Debug|Any CPU.ActiveCfg = Debug|Any CPU
		{197444E3-7A32-4A44-A9A0-551595095A64}.Debug|Any CPU.Build.0 = Debug|Any CPU
		{197444E3-7A32-4A44-A9A0-551595095A64}.Debug|Mixed Platforms.ActiveCfg = Debug|Any CPU
		{197444E3-7A32-4A44-A9A0-551595095A64}.Debug|Mixed Platforms.Build.0 = Debug|Any CPU
		{197444E3-7A32-4A44-A9A0-551595095A64}.Debug|x86.ActiveCfg = Debug|Any CPU
		{197444E3-7A32-4A44-A9A0-551595095A64}.Debug|x86.Build.0 = Debug|Any CPU
		{197444E3-7A32-4A44-A9A0-551595095A64}.Release|Any CPU.ActiveCfg = Release|Any CPU
		{197444E3-7A32-4A44-A9A0-551595095A64}.Release|Any CPU.Build.0 = Release|Any CPU
		{197444E3-7A32-4A44-A9A0-551595095A64}.Release|Mixed Platforms.ActiveCfg = Release|Any CPU
		{197444E3-7A32-4A44-A9A0-551595095A64}.Release|Mixed Platforms.Build.0 = Release|Any CPU
		{197444E3-7A32-4A44-A9A0-551595095A64}.Release|x86.ActiveCfg = Release|Any CPU
		{197444E3-7A32-4A44-A9A0-551595095A64}.Release|x86.Build.0 = Release|Any CPU
		{6CD90B40-30A0-4AD5-A5BF-11B2A2EFDD71}.Debug|Any CPU.ActiveCfg = Debug|Any CPU
		{6CD90B40-30A0-4AD5-A5BF-11B2A2EFDD71}.Debug|Any CPU.Build.0 = Debug|Any CPU
		{6CD90B40-30A0-4AD5-A5BF-11B2A2EFDD71}.Debug|Mixed Platforms.ActiveCfg = Debug|Any CPU
		{6CD90B40-30A0-4AD5-A5BF-11B2A2EFDD71}.Debug|Mixed Platforms.Build.0 = Debug|Any CPU
		{6CD90B40-30A0-4AD5-A5BF-11B2A2EFDD71}.Debug|x86.ActiveCfg = Debug|Any CPU
		{6CD90B40-30A0-4AD5-A5BF-11B2A2EFDD71}.Debug|x86.Build.0 = Debug|Any CPU
		{6CD90B40-30A0-4AD5-A5BF-11B2A2EFDD71}.Release|Any CPU.ActiveCfg = Release|Any CPU
		{6CD90B40-30A0-4AD5-A5BF-11B2A2EFDD71}.Release|Any CPU.Build.0 = Release|Any CPU
		{6CD90B40-30A0-4AD5-A5BF-11B2A2EFDD71}.Release|Mixed Platforms.ActiveCfg = Release|Any CPU
		{6CD90B40-30A0-4AD5-A5BF-11B2A2EFDD71}.Release|Mixed Platforms.Build.0 = Release|Any CPU
		{6CD90B40-30A0-4AD5-A5BF-11B2A2EFDD71}.Release|x86.ActiveCfg = Release|Any CPU
		{6CD90B40-30A0-4AD5-A5BF-11B2A2EFDD71}.Release|x86.Build.0 = Release|Any CPU
		{72CB5F3C-E9A6-438F-9CCB-090DF126BDD8}.Debug|Any CPU.ActiveCfg = Debug|Any CPU
		{72CB5F3C-E9A6-438F-9CCB-090DF126BDD8}.Debug|Any CPU.Build.0 = Debug|Any CPU
		{72CB5F3C-E9A6-438F-9CCB-090DF126BDD8}.Debug|Mixed Platforms.ActiveCfg = Debug|Any CPU
		{72CB5F3C-E9A6-438F-9CCB-090DF126BDD8}.Debug|Mixed Platforms.Build.0 = Debug|Any CPU
		{72CB5F3C-E9A6-438F-9CCB-090DF126BDD8}.Debug|x86.ActiveCfg = Debug|Any CPU
		{72CB5F3C-E9A6-438F-9CCB-090DF126BDD8}.Debug|x86.Build.0 = Debug|Any CPU
		{72CB5F3C-E9A6-438F-9CCB-090DF126BDD8}.Release|Any CPU.ActiveCfg = Release|Any CPU
		{72CB5F3C-E9A6-438F-9CCB-090DF126BDD8}.Release|Any CPU.Build.0 = Release|Any CPU
		{72CB5F3C-E9A6-438F-9CCB-090DF126BDD8}.Release|Mixed Platforms.ActiveCfg = Release|Any CPU
		{72CB5F3C-E9A6-438F-9CCB-090DF126BDD8}.Release|Mixed Platforms.Build.0 = Release|Any CPU
		{72CB5F3C-E9A6-438F-9CCB-090DF126BDD8}.Release|x86.ActiveCfg = Release|Any CPU
		{72CB5F3C-E9A6-438F-9CCB-090DF126BDD8}.Release|x86.Build.0 = Release|Any CPU
		{78EA4AA7-C920-4377-AE7F-6081E1320420}.Debug|Any CPU.ActiveCfg = Debug|Any CPU
		{78EA4AA7-C920-4377-AE7F-6081E1320420}.Debug|Any CPU.Build.0 = Debug|Any CPU
		{78EA4AA7-C920-4377-AE7F-6081E1320420}.Debug|Mixed Platforms.ActiveCfg = Debug|Any CPU
		{78EA4AA7-C920-4377-AE7F-6081E1320420}.Debug|Mixed Platforms.Build.0 = Debug|Any CPU
		{78EA4AA7-C920-4377-AE7F-6081E1320420}.Debug|x86.ActiveCfg = Debug|Any CPU
		{78EA4AA7-C920-4377-AE7F-6081E1320420}.Debug|x86.Build.0 = Debug|Any CPU
		{78EA4AA7-C920-4377-AE7F-6081E1320420}.Release|Any CPU.ActiveCfg = Release|Any CPU
		{78EA4AA7-C920-4377-AE7F-6081E1320420}.Release|Any CPU.Build.0 = Release|Any CPU
		{78EA4AA7-C920-4377-AE7F-6081E1320420}.Release|Mixed Platforms.ActiveCfg = Release|Any CPU
		{78EA4AA7-C920-4377-AE7F-6081E1320420}.Release|Mixed Platforms.Build.0 = Release|Any CPU
		{78EA4AA7-C920-4377-AE7F-6081E1320420}.Release|x86.ActiveCfg = Release|Any CPU
		{78EA4AA7-C920-4377-AE7F-6081E1320420}.Release|x86.Build.0 = Release|Any CPU
	EndGlobalSection
	GlobalSection(SolutionProperties) = preSolution
		HideSolutionNode = FALSE
	EndGlobalSection
	GlobalSection(NestedProjects) = preSolution
		{FC33C392-4689-4CE9-93DD-CDAB4A65C04C} = {9D3ED10E-1A90-4FC7-A92C-9D5A5505DB56}
		{02BD11D7-E092-4589-9293-11269C420EDC} = {9D3ED10E-1A90-4FC7-A92C-9D5A5505DB56}
		{CBE74391-38DF-4608-84F8-CAE57D47473D} = {582340EE-71CA-4122-9462-986441A13890}
		{2F8F3F48-9EC8-4F64-8565-5A15CF49E570} = {582340EE-71CA-4122-9462-986441A13890}
		{9604A1B8-8F7F-4B63-967E-EC7AEE5A9453} = {CBE74391-38DF-4608-84F8-CAE57D47473D}
		{E3EC1606-5232-47AA-8F03-A4CCC583A7CA} = {582340EE-71CA-4122-9462-986441A13890}
		{FB58F971-FF75-4FF7-8B90-53290A8DA46F} = {02BD11D7-E092-4589-9293-11269C420EDC}
		{6CD90B40-30A0-4AD5-A5BF-11B2A2EFDD71} = {9D3ED10E-1A90-4FC7-A92C-9D5A5505DB56}
		{72CB5F3C-E9A6-438F-9CCB-090DF126BDD8} = {02BD11D7-E092-4589-9293-11269C420EDC}
		{78EA4AA7-C920-4377-AE7F-6081E1320420} = {CBE74391-38DF-4608-84F8-CAE57D47473D}
	EndGlobalSection
	GlobalSection(ExtensibilityGlobals) = postSolution
		SolutionGuid = {66C07B46-0028-4BC4-8B90-CFDA0716BCFD}
	EndGlobalSection
EndGlobal
