
Microsoft Visual Studio Solution File, Format Version 12.00
# Visual Studio Version 16
VisualStudioVersion = 16.0.29905.134
MinimumVisualStudioVersion = 10.0.40219.1
Project("{F184B08F-C81C-45F6-A57F-5ABD9991F28F}") = "Negocio", "Negocio\Negocio.vbproj", "{D0101B76-7CE1-476B-84F3-9E99244C1E88}"
EndProject
Project("{F184B08F-C81C-45F6-A57F-5ABD9991F28F}") = "Entidades", "Entidades\Entidades.vbproj", "{9F729C51-E2DE-49E8-9C49-DCF6BEFDCAAB}"
EndProject
Project("{F184B08F-C81C-45F6-A57F-5ABD9991F28F}") = "Datos", "Datos\Datos.vbproj", "{031B7818-3E58-477F-BFAD-17166F3026AF}"
EndProject
Project("{F184B08F-C81C-45F6-A57F-5ABD9991F28F}") = "SistemaCinderella", "SistemaCinderella.vbproj", "{ED800F09-E2A4-45A3-BC9A-FEC1FD670368}"
EndProject
Project("{F184B08F-C81C-45F6-A57F-5ABD9991F28F}") = "Servicios", "Servicios\Servicios.vbproj", "{59AFDBA5-8C7E-4C73-8A37-A7AABD4FEC7F}"
EndProject
Project("{2150E333-8FDC-42A3-9474-1A3956D46DE8}") = "Common", "Common", "{9D3ED10E-1A90-4FC7-A92C-9D5A5505DB56}"
EndProject
Project("{2150E333-8FDC-42A3-9474-1A3956D46DE8}") = "Infraestructura", "Infraestructura", "{02BD11D7-E092-4589-9293-11269C420EDC}"
EndProject
Project("{2150E333-8FDC-42A3-9474-1A3956D46DE8}") = "Venta", "Venta", "{582340EE-71CA-4122-9462-986441A13890}"
EndProject
Project("{2150E333-8FDC-42A3-9474-1A3956D46DE8}") = "Intraestructura", "Intraestructura", "{CBE74391-38DF-4608-84F8-CAE57D47473D}"
EndProject
Project("{FAE04EC0-301F-11D3-BF4B-00C04F79EFBC}") = "Controles", "Controles\Controles.csproj", "{197444E3-7A32-4A44-A9A0-551595095A64}"
EndProject
Project("{FAE04EC0-301F-11D3-BF4B-00C04F79EFBC}") = "Common.Data", "Common\Common.Data\Common.Data.csproj", "{FB58F971-FF75-4FF7-8B90-53290A8DA46F}"
EndProject
Project("{FAE04EC0-301F-11D3-BF4B-00C04F79EFBC}") = "Ventas.Suport", "Venta\Ventas.Suport\Ventas.Suport.csproj", "{78EA4AA7-C920-4377-AE7F-6081E1320420}"
EndProject
Project("{FAE04EC0-301F-11D3-BF4B-00C04F79EFBC}") = "Common.Core", "Common\Common.Core\Common.Core.csproj", "{FC33C392-4689-4CE9-93DD-CDAB4A65C04C}"
EndProject
Project("{FAE04EC0-301F-11D3-BF4B-00C04F79EFBC}") = "Ventas.Core", "Venta\Ventas.Core\Ventas.Core.csproj", "{2F8F3F48-9EC8-4F64-8565-5A15CF49E570}"
EndProject
Project("{FAE04EC0-301F-11D3-BF4B-00C04F79EFBC}") = "Ventas.Data", "Venta\Ventas.Data\Ventas.Data.csproj", "{9604A1B8-8F7F-4B63-967E-EC7AEE5A9453}"
EndProject
Project("{2150E333-8FDC-42A3-9474-1A3956D46DE8}") = "Producto", "Producto", "{115DC5C1-4C28-49CE-A2ED-0E58963DDEAB}"
EndProject
Project("{2150E333-8FDC-42A3-9474-1A3956D46DE8}") = "Intraestructura", "Intraestructura", "{BD369EE0-31A2-476A-BA4C-A9921034DAC3}"
EndProject
Project("{FAE04EC0-301F-11D3-BF4B-00C04F79EFBC}") = "Producto.Core", "Producto.Core\Producto.Core.csproj", "{40E88D99-4EFA-498E-9A6E-A8D11E6C4E78}"
EndProject
Project("{FAE04EC0-301F-11D3-BF4B-00C04F79EFBC}") = "Producto.Data", "Producto.Data\Producto.Data.csproj", "{C691CEAB-EB57-4AA9-AEFB-3002DAFB57AA}"
EndProject
Project("{2150E333-8FDC-42A3-9474-1A3956D46DE8}") = "Factura", "Factura", "{0678664D-56CB-4C7B-999F-C8B369C9A5C7}"
EndProject
Project("{FAE04EC0-301F-11D3-BF4B-00C04F79EFBC}") = "Ventas.Test", "Venta\Ventas.Test\Ventas.Test.csproj", "{E3EC1606-5232-47AA-8F03-A4CCC583A7CA}"
EndProject
Project("{FAE04EC0-301F-11D3-BF4B-00C04F79EFBC}") = "Factura.Service", "Factura\Factura.Service\Factura.Service.csproj", "{841532F4-09EF-4B4B-9D66-59ABED84B770}"
EndProject
Project("{2150E333-8FDC-42A3-9474-1A3956D46DE8}") = "Infraestructura", "Infraestructura", "{12C38C3C-5C6E-49E6-855C-E16841B7A287}"
EndProject
Project("{FAE04EC0-301F-11D3-BF4B-00C04F79EFBC}") = "Factura.Device", "Factura\Factura.Device\Factura.Device.csproj", "{4F5C04CB-E485-499D-9843-4FBCE4221C49}"
EndProject
Project("{FAE04EC0-301F-11D3-BF4B-00C04F79EFBC}") = "Factura.Core", "Factura\Factura.Core\Factura.Core.csproj", "{FE14CB9D-559D-465F-991D-20B9BCD29222}"
EndProject
Project("{FAE04EC0-301F-11D3-BF4B-00C04F79EFBC}") = "Factura.ExternalService", "Factura\Factura.ExternalService\Factura.ExternalService.csproj", "{4D917F74-4921-4255-8A4D-9EE1C91A063F}"
EndProject
Global
	GlobalSection(SolutionConfigurationPlatforms) = preSolution
		Debug|Any CPU = Debug|Any CPU
		Debug|Mixed Platforms = Debug|Mixed Platforms
		Debug|x86 = Debug|x86
		Desarrollo|Any CPU = Desarrollo|Any CPU
		Desarrollo|Mixed Platforms = Desarrollo|Mixed Platforms
		Desarrollo|x86 = Desarrollo|x86
		Piloto|Any CPU = Piloto|Any CPU
		Piloto|Mixed Platforms = Piloto|Mixed Platforms
		Piloto|x86 = Piloto|x86
		Release|Any CPU = Release|Any CPU
		Release|Mixed Platforms = Release|Mixed Platforms
		Release|x86 = Release|x86
	EndGlobalSection
	GlobalSection(ProjectConfigurationPlatforms) = postSolution
		{D0101B76-7CE1-476B-84F3-9E99244C1E88}.Debug|Any CPU.ActiveCfg = Debug|Any CPU
		{D0101B76-7CE1-476B-84F3-9E99244C1E88}.Debug|Any CPU.Build.0 = Debug|Any CPU
		{D0101B76-7CE1-476B-84F3-9E99244C1E88}.Debug|Mixed Platforms.ActiveCfg = Debug|Any CPU
		{D0101B76-7CE1-476B-84F3-9E99244C1E88}.Debug|Mixed Platforms.Build.0 = Debug|Any CPU
		{D0101B76-7CE1-476B-84F3-9E99244C1E88}.Debug|x86.ActiveCfg = Debug|Any CPU
		{D0101B76-7CE1-476B-84F3-9E99244C1E88}.Desarrollo|Any CPU.ActiveCfg = Desarrollo|Any CPU
		{D0101B76-7CE1-476B-84F3-9E99244C1E88}.Desarrollo|Any CPU.Build.0 = Desarrollo|Any CPU
		{D0101B76-7CE1-476B-84F3-9E99244C1E88}.Desarrollo|Mixed Platforms.ActiveCfg = Desarrollo|Any CPU
		{D0101B76-7CE1-476B-84F3-9E99244C1E88}.Desarrollo|Mixed Platforms.Build.0 = Desarrollo|Any CPU
		{D0101B76-7CE1-476B-84F3-9E99244C1E88}.Desarrollo|x86.ActiveCfg = Desarrollo|Any CPU
		{D0101B76-7CE1-476B-84F3-9E99244C1E88}.Desarrollo|x86.Build.0 = Desarrollo|Any CPU
		{D0101B76-7CE1-476B-84F3-9E99244C1E88}.Piloto|Any CPU.ActiveCfg = Piloto|Any CPU
		{D0101B76-7CE1-476B-84F3-9E99244C1E88}.Piloto|Any CPU.Build.0 = Piloto|Any CPU
		{D0101B76-7CE1-476B-84F3-9E99244C1E88}.Piloto|Mixed Platforms.ActiveCfg = Piloto|Any CPU
		{D0101B76-7CE1-476B-84F3-9E99244C1E88}.Piloto|Mixed Platforms.Build.0 = Piloto|Any CPU
		{D0101B76-7CE1-476B-84F3-9E99244C1E88}.Piloto|x86.ActiveCfg = Piloto|Any CPU
		{D0101B76-7CE1-476B-84F3-9E99244C1E88}.Piloto|x86.Build.0 = Piloto|Any CPU
		{D0101B76-7CE1-476B-84F3-9E99244C1E88}.Release|Any CPU.ActiveCfg = Release|Any CPU
		{D0101B76-7CE1-476B-84F3-9E99244C1E88}.Release|Any CPU.Build.0 = Release|Any CPU
		{D0101B76-7CE1-476B-84F3-9E99244C1E88}.Release|Mixed Platforms.ActiveCfg = Release|Any CPU
		{D0101B76-7CE1-476B-84F3-9E99244C1E88}.Release|Mixed Platforms.Build.0 = Release|Any CPU
		{D0101B76-7CE1-476B-84F3-9E99244C1E88}.Release|x86.ActiveCfg = Release|Any CPU
		{9F729C51-E2DE-49E8-9C49-DCF6BEFDCAAB}.Debug|Any CPU.ActiveCfg = Debug|Any CPU
		{9F729C51-E2DE-49E8-9C49-DCF6BEFDCAAB}.Debug|Any CPU.Build.0 = Debug|Any CPU
		{9F729C51-E2DE-49E8-9C49-DCF6BEFDCAAB}.Debug|Mixed Platforms.ActiveCfg = Debug|Any CPU
		{9F729C51-E2DE-49E8-9C49-DCF6BEFDCAAB}.Debug|Mixed Platforms.Build.0 = Debug|Any CPU
		{9F729C51-E2DE-49E8-9C49-DCF6BEFDCAAB}.Debug|x86.ActiveCfg = Debug|Any CPU
		{9F729C51-E2DE-49E8-9C49-DCF6BEFDCAAB}.Desarrollo|Any CPU.ActiveCfg = Desarrollo|Any CPU
		{9F729C51-E2DE-49E8-9C49-DCF6BEFDCAAB}.Desarrollo|Any CPU.Build.0 = Desarrollo|Any CPU
		{9F729C51-E2DE-49E8-9C49-DCF6BEFDCAAB}.Desarrollo|Mixed Platforms.ActiveCfg = Desarrollo|Any CPU
		{9F729C51-E2DE-49E8-9C49-DCF6BEFDCAAB}.Desarrollo|Mixed Platforms.Build.0 = Desarrollo|Any CPU
		{9F729C51-E2DE-49E8-9C49-DCF6BEFDCAAB}.Desarrollo|x86.ActiveCfg = Desarrollo|Any CPU
		{9F729C51-E2DE-49E8-9C49-DCF6BEFDCAAB}.Desarrollo|x86.Build.0 = Desarrollo|Any CPU
		{9F729C51-E2DE-49E8-9C49-DCF6BEFDCAAB}.Piloto|Any CPU.ActiveCfg = Piloto|Any CPU
		{9F729C51-E2DE-49E8-9C49-DCF6BEFDCAAB}.Piloto|Any CPU.Build.0 = Piloto|Any CPU
		{9F729C51-E2DE-49E8-9C49-DCF6BEFDCAAB}.Piloto|Mixed Platforms.ActiveCfg = Piloto|Any CPU
		{9F729C51-E2DE-49E8-9C49-DCF6BEFDCAAB}.Piloto|Mixed Platforms.Build.0 = Piloto|Any CPU
		{9F729C51-E2DE-49E8-9C49-DCF6BEFDCAAB}.Piloto|x86.ActiveCfg = Piloto|Any CPU
		{9F729C51-E2DE-49E8-9C49-DCF6BEFDCAAB}.Piloto|x86.Build.0 = Piloto|Any CPU
		{9F729C51-E2DE-49E8-9C49-DCF6BEFDCAAB}.Release|Any CPU.ActiveCfg = Release|Any CPU
		{9F729C51-E2DE-49E8-9C49-DCF6BEFDCAAB}.Release|Any CPU.Build.0 = Release|Any CPU
		{9F729C51-E2DE-49E8-9C49-DCF6BEFDCAAB}.Release|Mixed Platforms.ActiveCfg = Release|Any CPU
		{9F729C51-E2DE-49E8-9C49-DCF6BEFDCAAB}.Release|Mixed Platforms.Build.0 = Release|Any CPU
		{9F729C51-E2DE-49E8-9C49-DCF6BEFDCAAB}.Release|x86.ActiveCfg = Release|Any CPU
		{031B7818-3E58-477F-BFAD-17166F3026AF}.Debug|Any CPU.ActiveCfg = Debug|Any CPU
		{031B7818-3E58-477F-BFAD-17166F3026AF}.Debug|Any CPU.Build.0 = Debug|Any CPU
		{031B7818-3E58-477F-BFAD-17166F3026AF}.Debug|Mixed Platforms.ActiveCfg = Debug|Any CPU
		{031B7818-3E58-477F-BFAD-17166F3026AF}.Debug|Mixed Platforms.Build.0 = Debug|Any CPU
		{031B7818-3E58-477F-BFAD-17166F3026AF}.Debug|x86.ActiveCfg = Debug|Any CPU
		{031B7818-3E58-477F-BFAD-17166F3026AF}.Desarrollo|Any CPU.ActiveCfg = Desarrollo|Any CPU
		{031B7818-3E58-477F-BFAD-17166F3026AF}.Desarrollo|Any CPU.Build.0 = Desarrollo|Any CPU
		{031B7818-3E58-477F-BFAD-17166F3026AF}.Desarrollo|Mixed Platforms.ActiveCfg = Desarrollo|Any CPU
		{031B7818-3E58-477F-BFAD-17166F3026AF}.Desarrollo|Mixed Platforms.Build.0 = Desarrollo|Any CPU
		{031B7818-3E58-477F-BFAD-17166F3026AF}.Desarrollo|x86.ActiveCfg = Desarrollo|Any CPU
		{031B7818-3E58-477F-BFAD-17166F3026AF}.Desarrollo|x86.Build.0 = Desarrollo|Any CPU
		{031B7818-3E58-477F-BFAD-17166F3026AF}.Piloto|Any CPU.ActiveCfg = Piloto|Any CPU
		{031B7818-3E58-477F-BFAD-17166F3026AF}.Piloto|Any CPU.Build.0 = Piloto|Any CPU
		{031B7818-3E58-477F-BFAD-17166F3026AF}.Piloto|Mixed Platforms.ActiveCfg = Piloto|Any CPU
		{031B7818-3E58-477F-BFAD-17166F3026AF}.Piloto|Mixed Platforms.Build.0 = Piloto|Any CPU
		{031B7818-3E58-477F-BFAD-17166F3026AF}.Piloto|x86.ActiveCfg = Piloto|Any CPU
		{031B7818-3E58-477F-BFAD-17166F3026AF}.Piloto|x86.Build.0 = Piloto|Any CPU
		{031B7818-3E58-477F-BFAD-17166F3026AF}.Release|Any CPU.ActiveCfg = Release|Any CPU
		{031B7818-3E58-477F-BFAD-17166F3026AF}.Release|Any CPU.Build.0 = Release|Any CPU
		{031B7818-3E58-477F-BFAD-17166F3026AF}.Release|Mixed Platforms.ActiveCfg = Release|Any CPU
		{031B7818-3E58-477F-BFAD-17166F3026AF}.Release|Mixed Platforms.Build.0 = Release|Any CPU
		{031B7818-3E58-477F-BFAD-17166F3026AF}.Release|x86.ActiveCfg = Release|Any CPU
		{ED800F09-E2A4-45A3-BC9A-FEC1FD670368}.Debug|Any CPU.ActiveCfg = Debug|Any CPU
		{ED800F09-E2A4-45A3-BC9A-FEC1FD670368}.Debug|Any CPU.Build.0 = Debug|Any CPU
		{ED800F09-E2A4-45A3-BC9A-FEC1FD670368}.Debug|Mixed Platforms.ActiveCfg = Debug|x86
		{ED800F09-E2A4-45A3-BC9A-FEC1FD670368}.Debug|Mixed Platforms.Build.0 = Debug|x86
		{ED800F09-E2A4-45A3-BC9A-FEC1FD670368}.Debug|x86.ActiveCfg = Debug|x86
		{ED800F09-E2A4-45A3-BC9A-FEC1FD670368}.Debug|x86.Build.0 = Debug|x86
		{ED800F09-E2A4-45A3-BC9A-FEC1FD670368}.Desarrollo|Any CPU.ActiveCfg = Desarrollo|Any CPU
		{ED800F09-E2A4-45A3-BC9A-FEC1FD670368}.Desarrollo|Any CPU.Build.0 = Desarrollo|Any CPU
		{ED800F09-E2A4-45A3-BC9A-FEC1FD670368}.Desarrollo|Mixed Platforms.ActiveCfg = Desarrollo|x86
		{ED800F09-E2A4-45A3-BC9A-FEC1FD670368}.Desarrollo|Mixed Platforms.Build.0 = Desarrollo|x86
		{ED800F09-E2A4-45A3-BC9A-FEC1FD670368}.Desarrollo|x86.ActiveCfg = Desarrollo|x86
		{ED800F09-E2A4-45A3-BC9A-FEC1FD670368}.Desarrollo|x86.Build.0 = Desarrollo|x86
		{ED800F09-E2A4-45A3-BC9A-FEC1FD670368}.Piloto|Any CPU.ActiveCfg = Piloto|Any CPU
		{ED800F09-E2A4-45A3-BC9A-FEC1FD670368}.Piloto|Any CPU.Build.0 = Piloto|Any CPU
		{ED800F09-E2A4-45A3-BC9A-FEC1FD670368}.Piloto|Mixed Platforms.ActiveCfg = Piloto|x86
		{ED800F09-E2A4-45A3-BC9A-FEC1FD670368}.Piloto|Mixed Platforms.Build.0 = Piloto|x86
		{ED800F09-E2A4-45A3-BC9A-FEC1FD670368}.Piloto|x86.ActiveCfg = Piloto|x86
		{ED800F09-E2A4-45A3-BC9A-FEC1FD670368}.Piloto|x86.Build.0 = Piloto|x86
		{ED800F09-E2A4-45A3-BC9A-FEC1FD670368}.Release|Any CPU.ActiveCfg = Release|Any CPU
		{ED800F09-E2A4-45A3-BC9A-FEC1FD670368}.Release|Any CPU.Build.0 = Release|Any CPU
		{ED800F09-E2A4-45A3-BC9A-FEC1FD670368}.Release|Mixed Platforms.ActiveCfg = Release|x86
		{ED800F09-E2A4-45A3-BC9A-FEC1FD670368}.Release|Mixed Platforms.Build.0 = Release|x86
		{ED800F09-E2A4-45A3-BC9A-FEC1FD670368}.Release|x86.ActiveCfg = Release|x86
		{ED800F09-E2A4-45A3-BC9A-FEC1FD670368}.Release|x86.Build.0 = Release|x86
		{59AFDBA5-8C7E-4C73-8A37-A7AABD4FEC7F}.Debug|Any CPU.ActiveCfg = Debug|Any CPU
		{59AFDBA5-8C7E-4C73-8A37-A7AABD4FEC7F}.Debug|Any CPU.Build.0 = Debug|Any CPU
		{59AFDBA5-8C7E-4C73-8A37-A7AABD4FEC7F}.Debug|Mixed Platforms.ActiveCfg = Debug|Any CPU
		{59AFDBA5-8C7E-4C73-8A37-A7AABD4FEC7F}.Debug|Mixed Platforms.Build.0 = Debug|Any CPU
		{59AFDBA5-8C7E-4C73-8A37-A7AABD4FEC7F}.Debug|x86.ActiveCfg = Debug|Any CPU
		{59AFDBA5-8C7E-4C73-8A37-A7AABD4FEC7F}.Desarrollo|Any CPU.ActiveCfg = Desarrollo|Any CPU
		{59AFDBA5-8C7E-4C73-8A37-A7AABD4FEC7F}.Desarrollo|Any CPU.Build.0 = Desarrollo|Any CPU
		{59AFDBA5-8C7E-4C73-8A37-A7AABD4FEC7F}.Desarrollo|Mixed Platforms.ActiveCfg = Desarrollo|Any CPU
		{59AFDBA5-8C7E-4C73-8A37-A7AABD4FEC7F}.Desarrollo|Mixed Platforms.Build.0 = Desarrollo|Any CPU
		{59AFDBA5-8C7E-4C73-8A37-A7AABD4FEC7F}.Desarrollo|x86.ActiveCfg = Desarrollo|Any CPU
		{59AFDBA5-8C7E-4C73-8A37-A7AABD4FEC7F}.Desarrollo|x86.Build.0 = Desarrollo|Any CPU
		{59AFDBA5-8C7E-4C73-8A37-A7AABD4FEC7F}.Piloto|Any CPU.ActiveCfg = Piloto|Any CPU
		{59AFDBA5-8C7E-4C73-8A37-A7AABD4FEC7F}.Piloto|Any CPU.Build.0 = Piloto|Any CPU
		{59AFDBA5-8C7E-4C73-8A37-A7AABD4FEC7F}.Piloto|Mixed Platforms.ActiveCfg = Piloto|Any CPU
		{59AFDBA5-8C7E-4C73-8A37-A7AABD4FEC7F}.Piloto|Mixed Platforms.Build.0 = Piloto|Any CPU
		{59AFDBA5-8C7E-4C73-8A37-A7AABD4FEC7F}.Piloto|x86.ActiveCfg = Piloto|Any CPU
		{59AFDBA5-8C7E-4C73-8A37-A7AABD4FEC7F}.Piloto|x86.Build.0 = Piloto|Any CPU
		{59AFDBA5-8C7E-4C73-8A37-A7AABD4FEC7F}.Release|Any CPU.ActiveCfg = Release|Any CPU
		{59AFDBA5-8C7E-4C73-8A37-A7AABD4FEC7F}.Release|Any CPU.Build.0 = Release|Any CPU
		{59AFDBA5-8C7E-4C73-8A37-A7AABD4FEC7F}.Release|Mixed Platforms.ActiveCfg = Release|Any CPU
		{59AFDBA5-8C7E-4C73-8A37-A7AABD4FEC7F}.Release|Mixed Platforms.Build.0 = Release|Any CPU
		{59AFDBA5-8C7E-4C73-8A37-A7AABD4FEC7F}.Release|x86.ActiveCfg = Release|Any CPU
		{197444E3-7A32-4A44-A9A0-551595095A64}.Debug|Any CPU.ActiveCfg = Debug|Any CPU
		{197444E3-7A32-4A44-A9A0-551595095A64}.Debug|Any CPU.Build.0 = Debug|Any CPU
		{197444E3-7A32-4A44-A9A0-551595095A64}.Debug|Mixed Platforms.ActiveCfg = Debug|Any CPU
		{197444E3-7A32-4A44-A9A0-551595095A64}.Debug|Mixed Platforms.Build.0 = Debug|Any CPU
		{197444E3-7A32-4A44-A9A0-551595095A64}.Debug|x86.ActiveCfg = Debug|Any CPU
		{197444E3-7A32-4A44-A9A0-551595095A64}.Debug|x86.Build.0 = Debug|Any CPU
		{197444E3-7A32-4A44-A9A0-551595095A64}.Desarrollo|Any CPU.ActiveCfg = Desarrollo|Any CPU
		{197444E3-7A32-4A44-A9A0-551595095A64}.Desarrollo|Any CPU.Build.0 = Desarrollo|Any CPU
		{197444E3-7A32-4A44-A9A0-551595095A64}.Desarrollo|Mixed Platforms.ActiveCfg = Desarrollo|Any CPU
		{197444E3-7A32-4A44-A9A0-551595095A64}.Desarrollo|Mixed Platforms.Build.0 = Desarrollo|Any CPU
		{197444E3-7A32-4A44-A9A0-551595095A64}.Desarrollo|x86.ActiveCfg = Desarrollo|Any CPU
		{197444E3-7A32-4A44-A9A0-551595095A64}.Desarrollo|x86.Build.0 = Desarrollo|Any CPU
		{197444E3-7A32-4A44-A9A0-551595095A64}.Piloto|Any CPU.ActiveCfg = Piloto|Any CPU
		{197444E3-7A32-4A44-A9A0-551595095A64}.Piloto|Any CPU.Build.0 = Piloto|Any CPU
		{197444E3-7A32-4A44-A9A0-551595095A64}.Piloto|Mixed Platforms.ActiveCfg = Piloto|Any CPU
		{197444E3-7A32-4A44-A9A0-551595095A64}.Piloto|Mixed Platforms.Build.0 = Piloto|Any CPU
		{197444E3-7A32-4A44-A9A0-551595095A64}.Piloto|x86.ActiveCfg = Piloto|Any CPU
		{197444E3-7A32-4A44-A9A0-551595095A64}.Piloto|x86.Build.0 = Piloto|Any CPU
		{197444E3-7A32-4A44-A9A0-551595095A64}.Release|Any CPU.ActiveCfg = Release|Any CPU
		{197444E3-7A32-4A44-A9A0-551595095A64}.Release|Any CPU.Build.0 = Release|Any CPU
		{197444E3-7A32-4A44-A9A0-551595095A64}.Release|Mixed Platforms.ActiveCfg = Release|Any CPU
		{197444E3-7A32-4A44-A9A0-551595095A64}.Release|Mixed Platforms.Build.0 = Release|Any CPU
		{197444E3-7A32-4A44-A9A0-551595095A64}.Release|x86.ActiveCfg = Release|Any CPU
		{197444E3-7A32-4A44-A9A0-551595095A64}.Release|x86.Build.0 = Release|Any CPU
		{FB58F971-FF75-4FF7-8B90-53290A8DA46F}.Debug|Any CPU.ActiveCfg = Debug|Any CPU
		{FB58F971-FF75-4FF7-8B90-53290A8DA46F}.Debug|Any CPU.Build.0 = Debug|Any CPU
		{FB58F971-FF75-4FF7-8B90-53290A8DA46F}.Debug|Mixed Platforms.ActiveCfg = Debug|Any CPU
		{FB58F971-FF75-4FF7-8B90-53290A8DA46F}.Debug|Mixed Platforms.Build.0 = Debug|Any CPU
		{FB58F971-FF75-4FF7-8B90-53290A8DA46F}.Debug|x86.ActiveCfg = Debug|Any CPU
		{FB58F971-FF75-4FF7-8B90-53290A8DA46F}.Debug|x86.Build.0 = Debug|Any CPU
		{FB58F971-FF75-4FF7-8B90-53290A8DA46F}.Desarrollo|Any CPU.ActiveCfg = Desarrollo|Any CPU
		{FB58F971-FF75-4FF7-8B90-53290A8DA46F}.Desarrollo|Any CPU.Build.0 = Desarrollo|Any CPU
		{FB58F971-FF75-4FF7-8B90-53290A8DA46F}.Desarrollo|Mixed Platforms.ActiveCfg = Desarrollo|Any CPU
		{FB58F971-FF75-4FF7-8B90-53290A8DA46F}.Desarrollo|Mixed Platforms.Build.0 = Desarrollo|Any CPU
		{FB58F971-FF75-4FF7-8B90-53290A8DA46F}.Desarrollo|x86.ActiveCfg = Desarrollo|Any CPU
		{FB58F971-FF75-4FF7-8B90-53290A8DA46F}.Desarrollo|x86.Build.0 = Desarrollo|Any CPU
		{FB58F971-FF75-4FF7-8B90-53290A8DA46F}.Piloto|Any CPU.ActiveCfg = Piloto|Any CPU
		{FB58F971-FF75-4FF7-8B90-53290A8DA46F}.Piloto|Any CPU.Build.0 = Piloto|Any CPU
		{FB58F971-FF75-4FF7-8B90-53290A8DA46F}.Piloto|Mixed Platforms.ActiveCfg = Piloto|Any CPU
		{FB58F971-FF75-4FF7-8B90-53290A8DA46F}.Piloto|Mixed Platforms.Build.0 = Piloto|Any CPU
		{FB58F971-FF75-4FF7-8B90-53290A8DA46F}.Piloto|x86.ActiveCfg = Piloto|Any CPU
		{FB58F971-FF75-4FF7-8B90-53290A8DA46F}.Piloto|x86.Build.0 = Piloto|Any CPU
		{FB58F971-FF75-4FF7-8B90-53290A8DA46F}.Release|Any CPU.ActiveCfg = Release|Any CPU
		{FB58F971-FF75-4FF7-8B90-53290A8DA46F}.Release|Any CPU.Build.0 = Release|Any CPU
		{FB58F971-FF75-4FF7-8B90-53290A8DA46F}.Release|Mixed Platforms.ActiveCfg = Release|Any CPU
		{FB58F971-FF75-4FF7-8B90-53290A8DA46F}.Release|Mixed Platforms.Build.0 = Release|Any CPU
		{FB58F971-FF75-4FF7-8B90-53290A8DA46F}.Release|x86.ActiveCfg = Release|Any CPU
		{FB58F971-FF75-4FF7-8B90-53290A8DA46F}.Release|x86.Build.0 = Release|Any CPU
		{78EA4AA7-C920-4377-AE7F-6081E1320420}.Debug|Any CPU.ActiveCfg = Debug|Any CPU
		{78EA4AA7-C920-4377-AE7F-6081E1320420}.Debug|Any CPU.Build.0 = Debug|Any CPU
		{78EA4AA7-C920-4377-AE7F-6081E1320420}.Debug|Mixed Platforms.ActiveCfg = Debug|Any CPU
		{78EA4AA7-C920-4377-AE7F-6081E1320420}.Debug|Mixed Platforms.Build.0 = Debug|Any CPU
		{78EA4AA7-C920-4377-AE7F-6081E1320420}.Debug|x86.ActiveCfg = Debug|Any CPU
		{78EA4AA7-C920-4377-AE7F-6081E1320420}.Debug|x86.Build.0 = Debug|Any CPU
		{78EA4AA7-C920-4377-AE7F-6081E1320420}.Desarrollo|Any CPU.ActiveCfg = Desarrollo|Any CPU
		{78EA4AA7-C920-4377-AE7F-6081E1320420}.Desarrollo|Any CPU.Build.0 = Desarrollo|Any CPU
		{78EA4AA7-C920-4377-AE7F-6081E1320420}.Desarrollo|Mixed Platforms.ActiveCfg = Desarrollo|Any CPU
		{78EA4AA7-C920-4377-AE7F-6081E1320420}.Desarrollo|Mixed Platforms.Build.0 = Desarrollo|Any CPU
		{78EA4AA7-C920-4377-AE7F-6081E1320420}.Desarrollo|x86.ActiveCfg = Desarrollo|Any CPU
		{78EA4AA7-C920-4377-AE7F-6081E1320420}.Desarrollo|x86.Build.0 = Desarrollo|Any CPU
		{78EA4AA7-C920-4377-AE7F-6081E1320420}.Piloto|Any CPU.ActiveCfg = Piloto|Any CPU
		{78EA4AA7-C920-4377-AE7F-6081E1320420}.Piloto|Any CPU.Build.0 = Piloto|Any CPU
		{78EA4AA7-C920-4377-AE7F-6081E1320420}.Piloto|Mixed Platforms.ActiveCfg = Piloto|Any CPU
		{78EA4AA7-C920-4377-AE7F-6081E1320420}.Piloto|Mixed Platforms.Build.0 = Piloto|Any CPU
		{78EA4AA7-C920-4377-AE7F-6081E1320420}.Piloto|x86.ActiveCfg = Piloto|Any CPU
		{78EA4AA7-C920-4377-AE7F-6081E1320420}.Piloto|x86.Build.0 = Piloto|Any CPU
		{78EA4AA7-C920-4377-AE7F-6081E1320420}.Release|Any CPU.ActiveCfg = Release|Any CPU
		{78EA4AA7-C920-4377-AE7F-6081E1320420}.Release|Any CPU.Build.0 = Release|Any CPU
		{78EA4AA7-C920-4377-AE7F-6081E1320420}.Release|Mixed Platforms.ActiveCfg = Release|Any CPU
		{78EA4AA7-C920-4377-AE7F-6081E1320420}.Release|Mixed Platforms.Build.0 = Release|Any CPU
		{78EA4AA7-C920-4377-AE7F-6081E1320420}.Release|x86.ActiveCfg = Release|Any CPU
		{78EA4AA7-C920-4377-AE7F-6081E1320420}.Release|x86.Build.0 = Release|Any CPU
		{FC33C392-4689-4CE9-93DD-CDAB4A65C04C}.Debug|Any CPU.ActiveCfg = Debug|Any CPU
		{FC33C392-4689-4CE9-93DD-CDAB4A65C04C}.Debug|Any CPU.Build.0 = Debug|Any CPU
		{FC33C392-4689-4CE9-93DD-CDAB4A65C04C}.Debug|Mixed Platforms.ActiveCfg = Debug|Any CPU
		{FC33C392-4689-4CE9-93DD-CDAB4A65C04C}.Debug|Mixed Platforms.Build.0 = Debug|Any CPU
		{FC33C392-4689-4CE9-93DD-CDAB4A65C04C}.Debug|x86.ActiveCfg = Debug|Any CPU
		{FC33C392-4689-4CE9-93DD-CDAB4A65C04C}.Debug|x86.Build.0 = Debug|Any CPU
		{FC33C392-4689-4CE9-93DD-CDAB4A65C04C}.Desarrollo|Any CPU.ActiveCfg = Desarrollo|Any CPU
		{FC33C392-4689-4CE9-93DD-CDAB4A65C04C}.Desarrollo|Any CPU.Build.0 = Desarrollo|Any CPU
		{FC33C392-4689-4CE9-93DD-CDAB4A65C04C}.Desarrollo|Mixed Platforms.ActiveCfg = Desarrollo|Any CPU
		{FC33C392-4689-4CE9-93DD-CDAB4A65C04C}.Desarrollo|Mixed Platforms.Build.0 = Desarrollo|Any CPU
		{FC33C392-4689-4CE9-93DD-CDAB4A65C04C}.Desarrollo|x86.ActiveCfg = Desarrollo|Any CPU
		{FC33C392-4689-4CE9-93DD-CDAB4A65C04C}.Desarrollo|x86.Build.0 = Desarrollo|Any CPU
		{FC33C392-4689-4CE9-93DD-CDAB4A65C04C}.Piloto|Any CPU.ActiveCfg = Piloto|Any CPU
		{FC33C392-4689-4CE9-93DD-CDAB4A65C04C}.Piloto|Any CPU.Build.0 = Piloto|Any CPU
		{FC33C392-4689-4CE9-93DD-CDAB4A65C04C}.Piloto|Mixed Platforms.ActiveCfg = Piloto|Any CPU
		{FC33C392-4689-4CE9-93DD-CDAB4A65C04C}.Piloto|Mixed Platforms.Build.0 = Piloto|Any CPU
		{FC33C392-4689-4CE9-93DD-CDAB4A65C04C}.Piloto|x86.ActiveCfg = Piloto|Any CPU
		{FC33C392-4689-4CE9-93DD-CDAB4A65C04C}.Piloto|x86.Build.0 = Piloto|Any CPU
		{FC33C392-4689-4CE9-93DD-CDAB4A65C04C}.Release|Any CPU.ActiveCfg = Release|Any CPU
		{FC33C392-4689-4CE9-93DD-CDAB4A65C04C}.Release|Any CPU.Build.0 = Release|Any CPU
		{FC33C392-4689-4CE9-93DD-CDAB4A65C04C}.Release|Mixed Platforms.ActiveCfg = Release|Any CPU
		{FC33C392-4689-4CE9-93DD-CDAB4A65C04C}.Release|Mixed Platforms.Build.0 = Release|Any CPU
		{FC33C392-4689-4CE9-93DD-CDAB4A65C04C}.Release|x86.ActiveCfg = Release|Any CPU
		{FC33C392-4689-4CE9-93DD-CDAB4A65C04C}.Release|x86.Build.0 = Release|Any CPU
		{2F8F3F48-9EC8-4F64-8565-5A15CF49E570}.Debug|Any CPU.ActiveCfg = Debug|Any CPU
		{2F8F3F48-9EC8-4F64-8565-5A15CF49E570}.Debug|Any CPU.Build.0 = Debug|Any CPU
		{2F8F3F48-9EC8-4F64-8565-5A15CF49E570}.Debug|Mixed Platforms.ActiveCfg = Debug|Any CPU
		{2F8F3F48-9EC8-4F64-8565-5A15CF49E570}.Debug|Mixed Platforms.Build.0 = Debug|Any CPU
		{2F8F3F48-9EC8-4F64-8565-5A15CF49E570}.Debug|x86.ActiveCfg = Debug|Any CPU
		{2F8F3F48-9EC8-4F64-8565-5A15CF49E570}.Debug|x86.Build.0 = Debug|Any CPU
		{2F8F3F48-9EC8-4F64-8565-5A15CF49E570}.Desarrollo|Any CPU.ActiveCfg = Desarrollo|Any CPU
		{2F8F3F48-9EC8-4F64-8565-5A15CF49E570}.Desarrollo|Any CPU.Build.0 = Desarrollo|Any CPU
		{2F8F3F48-9EC8-4F64-8565-5A15CF49E570}.Desarrollo|Mixed Platforms.ActiveCfg = Desarrollo|Any CPU
		{2F8F3F48-9EC8-4F64-8565-5A15CF49E570}.Desarrollo|Mixed Platforms.Build.0 = Desarrollo|Any CPU
		{2F8F3F48-9EC8-4F64-8565-5A15CF49E570}.Desarrollo|x86.ActiveCfg = Desarrollo|Any CPU
		{2F8F3F48-9EC8-4F64-8565-5A15CF49E570}.Desarrollo|x86.Build.0 = Desarrollo|Any CPU
		{2F8F3F48-9EC8-4F64-8565-5A15CF49E570}.Piloto|Any CPU.ActiveCfg = Piloto|Any CPU
		{2F8F3F48-9EC8-4F64-8565-5A15CF49E570}.Piloto|Any CPU.Build.0 = Piloto|Any CPU
		{2F8F3F48-9EC8-4F64-8565-5A15CF49E570}.Piloto|Mixed Platforms.ActiveCfg = Piloto|Any CPU
		{2F8F3F48-9EC8-4F64-8565-5A15CF49E570}.Piloto|Mixed Platforms.Build.0 = Piloto|Any CPU
		{2F8F3F48-9EC8-4F64-8565-5A15CF49E570}.Piloto|x86.ActiveCfg = Piloto|Any CPU
		{2F8F3F48-9EC8-4F64-8565-5A15CF49E570}.Piloto|x86.Build.0 = Piloto|Any CPU
		{2F8F3F48-9EC8-4F64-8565-5A15CF49E570}.Release|Any CPU.ActiveCfg = Release|Any CPU
		{2F8F3F48-9EC8-4F64-8565-5A15CF49E570}.Release|Any CPU.Build.0 = Release|Any CPU
		{2F8F3F48-9EC8-4F64-8565-5A15CF49E570}.Release|Mixed Platforms.ActiveCfg = Release|Any CPU
		{2F8F3F48-9EC8-4F64-8565-5A15CF49E570}.Release|Mixed Platforms.Build.0 = Release|Any CPU
		{2F8F3F48-9EC8-4F64-8565-5A15CF49E570}.Release|x86.ActiveCfg = Release|Any CPU
		{2F8F3F48-9EC8-4F64-8565-5A15CF49E570}.Release|x86.Build.0 = Release|Any CPU
		{9604A1B8-8F7F-4B63-967E-EC7AEE5A9453}.Debug|Any CPU.ActiveCfg = Debug|Any CPU
		{9604A1B8-8F7F-4B63-967E-EC7AEE5A9453}.Debug|Any CPU.Build.0 = Debug|Any CPU
		{9604A1B8-8F7F-4B63-967E-EC7AEE5A9453}.Debug|Mixed Platforms.ActiveCfg = Debug|Any CPU
		{9604A1B8-8F7F-4B63-967E-EC7AEE5A9453}.Debug|Mixed Platforms.Build.0 = Debug|Any CPU
		{9604A1B8-8F7F-4B63-967E-EC7AEE5A9453}.Debug|x86.ActiveCfg = Debug|Any CPU
		{9604A1B8-8F7F-4B63-967E-EC7AEE5A9453}.Debug|x86.Build.0 = Debug|Any CPU
		{9604A1B8-8F7F-4B63-967E-EC7AEE5A9453}.Desarrollo|Any CPU.ActiveCfg = Desarrollo|Any CPU
		{9604A1B8-8F7F-4B63-967E-EC7AEE5A9453}.Desarrollo|Any CPU.Build.0 = Desarrollo|Any CPU
		{9604A1B8-8F7F-4B63-967E-EC7AEE5A9453}.Desarrollo|Mixed Platforms.ActiveCfg = Desarrollo|Any CPU
		{9604A1B8-8F7F-4B63-967E-EC7AEE5A9453}.Desarrollo|Mixed Platforms.Build.0 = Desarrollo|Any CPU
		{9604A1B8-8F7F-4B63-967E-EC7AEE5A9453}.Desarrollo|x86.ActiveCfg = Desarrollo|Any CPU
		{9604A1B8-8F7F-4B63-967E-EC7AEE5A9453}.Desarrollo|x86.Build.0 = Desarrollo|Any CPU
		{9604A1B8-8F7F-4B63-967E-EC7AEE5A9453}.Piloto|Any CPU.ActiveCfg = Piloto|Any CPU
		{9604A1B8-8F7F-4B63-967E-EC7AEE5A9453}.Piloto|Any CPU.Build.0 = Piloto|Any CPU
		{9604A1B8-8F7F-4B63-967E-EC7AEE5A9453}.Piloto|Mixed Platforms.ActiveCfg = Piloto|Any CPU
		{9604A1B8-8F7F-4B63-967E-EC7AEE5A9453}.Piloto|Mixed Platforms.Build.0 = Piloto|Any CPU
		{9604A1B8-8F7F-4B63-967E-EC7AEE5A9453}.Piloto|x86.ActiveCfg = Piloto|Any CPU
		{9604A1B8-8F7F-4B63-967E-EC7AEE5A9453}.Piloto|x86.Build.0 = Piloto|Any CPU
		{9604A1B8-8F7F-4B63-967E-EC7AEE5A9453}.Release|Any CPU.ActiveCfg = Release|Any CPU
		{9604A1B8-8F7F-4B63-967E-EC7AEE5A9453}.Release|Any CPU.Build.0 = Release|Any CPU
		{9604A1B8-8F7F-4B63-967E-EC7AEE5A9453}.Release|Mixed Platforms.ActiveCfg = Release|Any CPU
		{9604A1B8-8F7F-4B63-967E-EC7AEE5A9453}.Release|Mixed Platforms.Build.0 = Release|Any CPU
		{9604A1B8-8F7F-4B63-967E-EC7AEE5A9453}.Release|x86.ActiveCfg = Release|Any CPU
		{9604A1B8-8F7F-4B63-967E-EC7AEE5A9453}.Release|x86.Build.0 = Release|Any CPU
		{40E88D99-4EFA-498E-9A6E-A8D11E6C4E78}.Debug|Any CPU.ActiveCfg = Debug|Any CPU
		{40E88D99-4EFA-498E-9A6E-A8D11E6C4E78}.Debug|Any CPU.Build.0 = Debug|Any CPU
		{40E88D99-4EFA-498E-9A6E-A8D11E6C4E78}.Debug|Mixed Platforms.ActiveCfg = Debug|Any CPU
		{40E88D99-4EFA-498E-9A6E-A8D11E6C4E78}.Debug|Mixed Platforms.Build.0 = Debug|Any CPU
		{40E88D99-4EFA-498E-9A6E-A8D11E6C4E78}.Debug|x86.ActiveCfg = Debug|Any CPU
		{40E88D99-4EFA-498E-9A6E-A8D11E6C4E78}.Debug|x86.Build.0 = Debug|Any CPU
		{40E88D99-4EFA-498E-9A6E-A8D11E6C4E78}.Desarrollo|Any CPU.ActiveCfg = Debug|Any CPU
		{40E88D99-4EFA-498E-9A6E-A8D11E6C4E78}.Desarrollo|Any CPU.Build.0 = Debug|Any CPU
		{40E88D99-4EFA-498E-9A6E-A8D11E6C4E78}.Desarrollo|Mixed Platforms.ActiveCfg = Debug|Any CPU
		{40E88D99-4EFA-498E-9A6E-A8D11E6C4E78}.Desarrollo|Mixed Platforms.Build.0 = Debug|Any CPU
		{40E88D99-4EFA-498E-9A6E-A8D11E6C4E78}.Desarrollo|x86.ActiveCfg = Debug|Any CPU
		{40E88D99-4EFA-498E-9A6E-A8D11E6C4E78}.Desarrollo|x86.Build.0 = Debug|Any CPU
		{40E88D99-4EFA-498E-9A6E-A8D11E6C4E78}.Piloto|Any CPU.ActiveCfg = Release|Any CPU
		{40E88D99-4EFA-498E-9A6E-A8D11E6C4E78}.Piloto|Any CPU.Build.0 = Release|Any CPU
		{40E88D99-4EFA-498E-9A6E-A8D11E6C4E78}.Piloto|Mixed Platforms.ActiveCfg = Release|Any CPU
		{40E88D99-4EFA-498E-9A6E-A8D11E6C4E78}.Piloto|Mixed Platforms.Build.0 = Release|Any CPU
		{40E88D99-4EFA-498E-9A6E-A8D11E6C4E78}.Piloto|x86.ActiveCfg = Release|Any CPU
		{40E88D99-4EFA-498E-9A6E-A8D11E6C4E78}.Piloto|x86.Build.0 = Release|Any CPU
		{40E88D99-4EFA-498E-9A6E-A8D11E6C4E78}.Release|Any CPU.ActiveCfg = Release|Any CPU
		{40E88D99-4EFA-498E-9A6E-A8D11E6C4E78}.Release|Any CPU.Build.0 = Release|Any CPU
		{40E88D99-4EFA-498E-9A6E-A8D11E6C4E78}.Release|Mixed Platforms.ActiveCfg = Release|Any CPU
		{40E88D99-4EFA-498E-9A6E-A8D11E6C4E78}.Release|Mixed Platforms.Build.0 = Release|Any CPU
		{40E88D99-4EFA-498E-9A6E-A8D11E6C4E78}.Release|x86.ActiveCfg = Release|Any CPU
		{40E88D99-4EFA-498E-9A6E-A8D11E6C4E78}.Release|x86.Build.0 = Release|Any CPU
		{C691CEAB-EB57-4AA9-AEFB-3002DAFB57AA}.Debug|Any CPU.ActiveCfg = Debug|Any CPU
		{C691CEAB-EB57-4AA9-AEFB-3002DAFB57AA}.Debug|Any CPU.Build.0 = Debug|Any CPU
		{C691CEAB-EB57-4AA9-AEFB-3002DAFB57AA}.Debug|Mixed Platforms.ActiveCfg = Debug|Any CPU
		{C691CEAB-EB57-4AA9-AEFB-3002DAFB57AA}.Debug|Mixed Platforms.Build.0 = Debug|Any CPU
		{C691CEAB-EB57-4AA9-AEFB-3002DAFB57AA}.Debug|x86.ActiveCfg = Debug|Any CPU
		{C691CEAB-EB57-4AA9-AEFB-3002DAFB57AA}.Debug|x86.Build.0 = Debug|Any CPU
		{C691CEAB-EB57-4AA9-AEFB-3002DAFB57AA}.Desarrollo|Any CPU.ActiveCfg = Debug|Any CPU
		{C691CEAB-EB57-4AA9-AEFB-3002DAFB57AA}.Desarrollo|Any CPU.Build.0 = Debug|Any CPU
		{C691CEAB-EB57-4AA9-AEFB-3002DAFB57AA}.Desarrollo|Mixed Platforms.ActiveCfg = Debug|Any CPU
		{C691CEAB-EB57-4AA9-AEFB-3002DAFB57AA}.Desarrollo|Mixed Platforms.Build.0 = Debug|Any CPU
		{C691CEAB-EB57-4AA9-AEFB-3002DAFB57AA}.Desarrollo|x86.ActiveCfg = Debug|Any CPU
		{C691CEAB-EB57-4AA9-AEFB-3002DAFB57AA}.Desarrollo|x86.Build.0 = Debug|Any CPU
		{C691CEAB-EB57-4AA9-AEFB-3002DAFB57AA}.Piloto|Any CPU.ActiveCfg = Release|Any CPU
		{C691CEAB-EB57-4AA9-AEFB-3002DAFB57AA}.Piloto|Any CPU.Build.0 = Release|Any CPU
		{C691CEAB-EB57-4AA9-AEFB-3002DAFB57AA}.Piloto|Mixed Platforms.ActiveCfg = Release|Any CPU
		{C691CEAB-EB57-4AA9-AEFB-3002DAFB57AA}.Piloto|Mixed Platforms.Build.0 = Release|Any CPU
		{C691CEAB-EB57-4AA9-AEFB-3002DAFB57AA}.Piloto|x86.ActiveCfg = Release|Any CPU
		{C691CEAB-EB57-4AA9-AEFB-3002DAFB57AA}.Piloto|x86.Build.0 = Release|Any CPU
		{C691CEAB-EB57-4AA9-AEFB-3002DAFB57AA}.Release|Any CPU.ActiveCfg = Release|Any CPU
		{C691CEAB-EB57-4AA9-AEFB-3002DAFB57AA}.Release|Any CPU.Build.0 = Release|Any CPU
		{C691CEAB-EB57-4AA9-AEFB-3002DAFB57AA}.Release|Mixed Platforms.ActiveCfg = Release|Any CPU
		{C691CEAB-EB57-4AA9-AEFB-3002DAFB57AA}.Release|Mixed Platforms.Build.0 = Release|Any CPU
		{C691CEAB-EB57-4AA9-AEFB-3002DAFB57AA}.Release|x86.ActiveCfg = Release|Any CPU
		{C691CEAB-EB57-4AA9-AEFB-3002DAFB57AA}.Release|x86.Build.0 = Release|Any CPU
		{E3EC1606-5232-47AA-8F03-A4CCC583A7CA}.Debug|Any CPU.ActiveCfg = Debug|Any CPU
		{E3EC1606-5232-47AA-8F03-A4CCC583A7CA}.Debug|Any CPU.Build.0 = Debug|Any CPU
		{E3EC1606-5232-47AA-8F03-A4CCC583A7CA}.Debug|Mixed Platforms.ActiveCfg = Debug|Any CPU
		{E3EC1606-5232-47AA-8F03-A4CCC583A7CA}.Debug|Mixed Platforms.Build.0 = Debug|Any CPU
		{E3EC1606-5232-47AA-8F03-A4CCC583A7CA}.Debug|x86.ActiveCfg = Debug|Any CPU
		{E3EC1606-5232-47AA-8F03-A4CCC583A7CA}.Debug|x86.Build.0 = Debug|Any CPU
		{E3EC1606-5232-47AA-8F03-A4CCC583A7CA}.Desarrollo|Any CPU.ActiveCfg = Debug|Any CPU
		{E3EC1606-5232-47AA-8F03-A4CCC583A7CA}.Desarrollo|Any CPU.Build.0 = Debug|Any CPU
		{E3EC1606-5232-47AA-8F03-A4CCC583A7CA}.Desarrollo|Mixed Platforms.ActiveCfg = Debug|Any CPU
		{E3EC1606-5232-47AA-8F03-A4CCC583A7CA}.Desarrollo|Mixed Platforms.Build.0 = Debug|Any CPU
		{E3EC1606-5232-47AA-8F03-A4CCC583A7CA}.Desarrollo|x86.ActiveCfg = Debug|Any CPU
		{E3EC1606-5232-47AA-8F03-A4CCC583A7CA}.Desarrollo|x86.Build.0 = Debug|Any CPU
		{E3EC1606-5232-47AA-8F03-A4CCC583A7CA}.Piloto|Any CPU.ActiveCfg = Release|Any CPU
		{E3EC1606-5232-47AA-8F03-A4CCC583A7CA}.Piloto|Any CPU.Build.0 = Release|Any CPU
		{E3EC1606-5232-47AA-8F03-A4CCC583A7CA}.Piloto|Mixed Platforms.ActiveCfg = Release|Any CPU
		{E3EC1606-5232-47AA-8F03-A4CCC583A7CA}.Piloto|Mixed Platforms.Build.0 = Release|Any CPU
		{E3EC1606-5232-47AA-8F03-A4CCC583A7CA}.Piloto|x86.ActiveCfg = Release|Any CPU
		{E3EC1606-5232-47AA-8F03-A4CCC583A7CA}.Piloto|x86.Build.0 = Release|Any CPU
		{E3EC1606-5232-47AA-8F03-A4CCC583A7CA}.Release|Any CPU.ActiveCfg = Release|Any CPU
		{E3EC1606-5232-47AA-8F03-A4CCC583A7CA}.Release|Any CPU.Build.0 = Release|Any CPU
		{E3EC1606-5232-47AA-8F03-A4CCC583A7CA}.Release|Mixed Platforms.ActiveCfg = Release|Any CPU
		{E3EC1606-5232-47AA-8F03-A4CCC583A7CA}.Release|Mixed Platforms.Build.0 = Release|Any CPU
		{E3EC1606-5232-47AA-8F03-A4CCC583A7CA}.Release|x86.ActiveCfg = Release|Any CPU
		{E3EC1606-5232-47AA-8F03-A4CCC583A7CA}.Release|x86.Build.0 = Release|Any CPU
		{841532F4-09EF-4B4B-9D66-59ABED84B770}.Debug|Any CPU.ActiveCfg = Debug|Any CPU
		{841532F4-09EF-4B4B-9D66-59ABED84B770}.Debug|Any CPU.Build.0 = Debug|Any CPU
		{841532F4-09EF-4B4B-9D66-59ABED84B770}.Debug|Mixed Platforms.ActiveCfg = Debug|Any CPU
		{841532F4-09EF-4B4B-9D66-59ABED84B770}.Debug|Mixed Platforms.Build.0 = Debug|Any CPU
		{841532F4-09EF-4B4B-9D66-59ABED84B770}.Debug|x86.ActiveCfg = Debug|Any CPU
		{841532F4-09EF-4B4B-9D66-59ABED84B770}.Debug|x86.Build.0 = Debug|Any CPU
		{841532F4-09EF-4B4B-9D66-59ABED84B770}.Desarrollo|Any CPU.ActiveCfg = Debug|Any CPU
		{841532F4-09EF-4B4B-9D66-59ABED84B770}.Desarrollo|Any CPU.Build.0 = Debug|Any CPU
		{841532F4-09EF-4B4B-9D66-59ABED84B770}.Desarrollo|Mixed Platforms.ActiveCfg = Debug|Any CPU
		{841532F4-09EF-4B4B-9D66-59ABED84B770}.Desarrollo|Mixed Platforms.Build.0 = Debug|Any CPU
		{841532F4-09EF-4B4B-9D66-59ABED84B770}.Desarrollo|x86.ActiveCfg = Debug|Any CPU
		{841532F4-09EF-4B4B-9D66-59ABED84B770}.Desarrollo|x86.Build.0 = Debug|Any CPU
		{841532F4-09EF-4B4B-9D66-59ABED84B770}.Piloto|Any CPU.ActiveCfg = Release|Any CPU
		{841532F4-09EF-4B4B-9D66-59ABED84B770}.Piloto|Any CPU.Build.0 = Release|Any CPU
		{841532F4-09EF-4B4B-9D66-59ABED84B770}.Piloto|Mixed Platforms.ActiveCfg = Release|Any CPU
		{841532F4-09EF-4B4B-9D66-59ABED84B770}.Piloto|Mixed Platforms.Build.0 = Release|Any CPU
		{841532F4-09EF-4B4B-9D66-59ABED84B770}.Piloto|x86.ActiveCfg = Release|Any CPU
		{841532F4-09EF-4B4B-9D66-59ABED84B770}.Piloto|x86.Build.0 = Release|Any CPU
		{841532F4-09EF-4B4B-9D66-59ABED84B770}.Release|Any CPU.ActiveCfg = Release|Any CPU
		{841532F4-09EF-4B4B-9D66-59ABED84B770}.Release|Any CPU.Build.0 = Release|Any CPU
		{841532F4-09EF-4B4B-9D66-59ABED84B770}.Release|Mixed Platforms.ActiveCfg = Release|Any CPU
		{841532F4-09EF-4B4B-9D66-59ABED84B770}.Release|Mixed Platforms.Build.0 = Release|Any CPU
		{841532F4-09EF-4B4B-9D66-59ABED84B770}.Release|x86.ActiveCfg = Release|Any CPU
		{841532F4-09EF-4B4B-9D66-59ABED84B770}.Release|x86.Build.0 = Release|Any CPU
		{4F5C04CB-E485-499D-9843-4FBCE4221C49}.Debug|Any CPU.ActiveCfg = Debug|Any CPU
		{4F5C04CB-E485-499D-9843-4FBCE4221C49}.Debug|Any CPU.Build.0 = Debug|Any CPU
		{4F5C04CB-E485-499D-9843-4FBCE4221C49}.Debug|Mixed Platforms.ActiveCfg = Debug|Any CPU
		{4F5C04CB-E485-499D-9843-4FBCE4221C49}.Debug|Mixed Platforms.Build.0 = Debug|Any CPU
		{4F5C04CB-E485-499D-9843-4FBCE4221C49}.Debug|x86.ActiveCfg = Debug|Any CPU
		{4F5C04CB-E485-499D-9843-4FBCE4221C49}.Debug|x86.Build.0 = Debug|Any CPU
		{4F5C04CB-E485-499D-9843-4FBCE4221C49}.Desarrollo|Any CPU.ActiveCfg = Debug|Any CPU
		{4F5C04CB-E485-499D-9843-4FBCE4221C49}.Desarrollo|Any CPU.Build.0 = Debug|Any CPU
		{4F5C04CB-E485-499D-9843-4FBCE4221C49}.Desarrollo|Mixed Platforms.ActiveCfg = Debug|Any CPU
		{4F5C04CB-E485-499D-9843-4FBCE4221C49}.Desarrollo|Mixed Platforms.Build.0 = Debug|Any CPU
		{4F5C04CB-E485-499D-9843-4FBCE4221C49}.Desarrollo|x86.ActiveCfg = Debug|Any CPU
		{4F5C04CB-E485-499D-9843-4FBCE4221C49}.Desarrollo|x86.Build.0 = Debug|Any CPU
		{4F5C04CB-E485-499D-9843-4FBCE4221C49}.Piloto|Any CPU.ActiveCfg = Release|Any CPU
		{4F5C04CB-E485-499D-9843-4FBCE4221C49}.Piloto|Any CPU.Build.0 = Release|Any CPU
		{4F5C04CB-E485-499D-9843-4FBCE4221C49}.Piloto|Mixed Platforms.ActiveCfg = Release|Any CPU
		{4F5C04CB-E485-499D-9843-4FBCE4221C49}.Piloto|Mixed Platforms.Build.0 = Release|Any CPU
		{4F5C04CB-E485-499D-9843-4FBCE4221C49}.Piloto|x86.ActiveCfg = Release|Any CPU
		{4F5C04CB-E485-499D-9843-4FBCE4221C49}.Piloto|x86.Build.0 = Release|Any CPU
		{4F5C04CB-E485-499D-9843-4FBCE4221C49}.Release|Any CPU.ActiveCfg = Release|Any CPU
		{4F5C04CB-E485-499D-9843-4FBCE4221C49}.Release|Any CPU.Build.0 = Release|Any CPU
		{4F5C04CB-E485-499D-9843-4FBCE4221C49}.Release|Mixed Platforms.ActiveCfg = Release|Any CPU
		{4F5C04CB-E485-499D-9843-4FBCE4221C49}.Release|Mixed Platforms.Build.0 = Release|Any CPU
		{4F5C04CB-E485-499D-9843-4FBCE4221C49}.Release|x86.ActiveCfg = Release|Any CPU
		{4F5C04CB-E485-499D-9843-4FBCE4221C49}.Release|x86.Build.0 = Release|Any CPU
		{FE14CB9D-559D-465F-991D-20B9BCD29222}.Debug|Any CPU.ActiveCfg = Debug|Any CPU
		{FE14CB9D-559D-465F-991D-20B9BCD29222}.Debug|Any CPU.Build.0 = Debug|Any CPU
		{FE14CB9D-559D-465F-991D-20B9BCD29222}.Debug|Mixed Platforms.ActiveCfg = Debug|Any CPU
		{FE14CB9D-559D-465F-991D-20B9BCD29222}.Debug|Mixed Platforms.Build.0 = Debug|Any CPU
		{FE14CB9D-559D-465F-991D-20B9BCD29222}.Debug|x86.ActiveCfg = Debug|Any CPU
		{FE14CB9D-559D-465F-991D-20B9BCD29222}.Debug|x86.Build.0 = Debug|Any CPU
		{FE14CB9D-559D-465F-991D-20B9BCD29222}.Desarrollo|Any CPU.ActiveCfg = Debug|Any CPU
		{FE14CB9D-559D-465F-991D-20B9BCD29222}.Desarrollo|Any CPU.Build.0 = Debug|Any CPU
		{FE14CB9D-559D-465F-991D-20B9BCD29222}.Desarrollo|Mixed Platforms.ActiveCfg = Debug|Any CPU
		{FE14CB9D-559D-465F-991D-20B9BCD29222}.Desarrollo|Mixed Platforms.Build.0 = Debug|Any CPU
		{FE14CB9D-559D-465F-991D-20B9BCD29222}.Desarrollo|x86.ActiveCfg = Debug|Any CPU
		{FE14CB9D-559D-465F-991D-20B9BCD29222}.Desarrollo|x86.Build.0 = Debug|Any CPU
		{FE14CB9D-559D-465F-991D-20B9BCD29222}.Piloto|Any CPU.ActiveCfg = Release|Any CPU
		{FE14CB9D-559D-465F-991D-20B9BCD29222}.Piloto|Any CPU.Build.0 = Release|Any CPU
		{FE14CB9D-559D-465F-991D-20B9BCD29222}.Piloto|Mixed Platforms.ActiveCfg = Release|Any CPU
		{FE14CB9D-559D-465F-991D-20B9BCD29222}.Piloto|Mixed Platforms.Build.0 = Release|Any CPU
		{FE14CB9D-559D-465F-991D-20B9BCD29222}.Piloto|x86.ActiveCfg = Release|Any CPU
		{FE14CB9D-559D-465F-991D-20B9BCD29222}.Piloto|x86.Build.0 = Release|Any CPU
		{FE14CB9D-559D-465F-991D-20B9BCD29222}.Release|Any CPU.ActiveCfg = Release|Any CPU
		{FE14CB9D-559D-465F-991D-20B9BCD29222}.Release|Any CPU.Build.0 = Release|Any CPU
		{FE14CB9D-559D-465F-991D-20B9BCD29222}.Release|Mixed Platforms.ActiveCfg = Release|Any CPU
		{FE14CB9D-559D-465F-991D-20B9BCD29222}.Release|Mixed Platforms.Build.0 = Release|Any CPU
		{FE14CB9D-559D-465F-991D-20B9BCD29222}.Release|x86.ActiveCfg = Release|Any CPU
		{FE14CB9D-559D-465F-991D-20B9BCD29222}.Release|x86.Build.0 = Release|Any CPU
		{4D917F74-4921-4255-8A4D-9EE1C91A063F}.Debug|Any CPU.ActiveCfg = Debug|Any CPU
		{4D917F74-4921-4255-8A4D-9EE1C91A063F}.Debug|Any CPU.Build.0 = Debug|Any CPU
		{4D917F74-4921-4255-8A4D-9EE1C91A063F}.Debug|Mixed Platforms.ActiveCfg = Debug|Any CPU
		{4D917F74-4921-4255-8A4D-9EE1C91A063F}.Debug|Mixed Platforms.Build.0 = Debug|Any CPU
		{4D917F74-4921-4255-8A4D-9EE1C91A063F}.Debug|x86.ActiveCfg = Debug|Any CPU
		{4D917F74-4921-4255-8A4D-9EE1C91A063F}.Debug|x86.Build.0 = Debug|Any CPU
		{4D917F74-4921-4255-8A4D-9EE1C91A063F}.Desarrollo|Any CPU.ActiveCfg = Debug|Any CPU
		{4D917F74-4921-4255-8A4D-9EE1C91A063F}.Desarrollo|Any CPU.Build.0 = Debug|Any CPU
		{4D917F74-4921-4255-8A4D-9EE1C91A063F}.Desarrollo|Mixed Platforms.ActiveCfg = Debug|Any CPU
		{4D917F74-4921-4255-8A4D-9EE1C91A063F}.Desarrollo|Mixed Platforms.Build.0 = Debug|Any CPU
		{4D917F74-4921-4255-8A4D-9EE1C91A063F}.Desarrollo|x86.ActiveCfg = Debug|Any CPU
		{4D917F74-4921-4255-8A4D-9EE1C91A063F}.Desarrollo|x86.Build.0 = Debug|Any CPU
		{4D917F74-4921-4255-8A4D-9EE1C91A063F}.Piloto|Any CPU.ActiveCfg = Release|Any CPU
		{4D917F74-4921-4255-8A4D-9EE1C91A063F}.Piloto|Any CPU.Build.0 = Release|Any CPU
		{4D917F74-4921-4255-8A4D-9EE1C91A063F}.Piloto|Mixed Platforms.ActiveCfg = Release|Any CPU
		{4D917F74-4921-4255-8A4D-9EE1C91A063F}.Piloto|Mixed Platforms.Build.0 = Release|Any CPU
		{4D917F74-4921-4255-8A4D-9EE1C91A063F}.Piloto|x86.ActiveCfg = Release|Any CPU
		{4D917F74-4921-4255-8A4D-9EE1C91A063F}.Piloto|x86.Build.0 = Release|Any CPU
		{4D917F74-4921-4255-8A4D-9EE1C91A063F}.Release|Any CPU.ActiveCfg = Release|Any CPU
		{4D917F74-4921-4255-8A4D-9EE1C91A063F}.Release|Any CPU.Build.0 = Release|Any CPU
		{4D917F74-4921-4255-8A4D-9EE1C91A063F}.Release|Mixed Platforms.ActiveCfg = Release|Any CPU
		{4D917F74-4921-4255-8A4D-9EE1C91A063F}.Release|Mixed Platforms.Build.0 = Release|Any CPU
		{4D917F74-4921-4255-8A4D-9EE1C91A063F}.Release|x86.ActiveCfg = Release|Any CPU
		{4D917F74-4921-4255-8A4D-9EE1C91A063F}.Release|x86.Build.0 = Release|Any CPU
	EndGlobalSection
	GlobalSection(SolutionProperties) = preSolution
		HideSolutionNode = FALSE
	EndGlobalSection
	GlobalSection(NestedProjects) = preSolution
		{02BD11D7-E092-4589-9293-11269C420EDC} = {9D3ED10E-1A90-4FC7-A92C-9D5A5505DB56}
		{CBE74391-38DF-4608-84F8-CAE57D47473D} = {582340EE-71CA-4122-9462-986441A13890}
		{FB58F971-FF75-4FF7-8B90-53290A8DA46F} = {02BD11D7-E092-4589-9293-11269C420EDC}
		{78EA4AA7-C920-4377-AE7F-6081E1320420} = {CBE74391-38DF-4608-84F8-CAE57D47473D}
		{FC33C392-4689-4CE9-93DD-CDAB4A65C04C} = {9D3ED10E-1A90-4FC7-A92C-9D5A5505DB56}
		{2F8F3F48-9EC8-4F64-8565-5A15CF49E570} = {582340EE-71CA-4122-9462-986441A13890}
		{9604A1B8-8F7F-4B63-967E-EC7AEE5A9453} = {CBE74391-38DF-4608-84F8-CAE57D47473D}
		{BD369EE0-31A2-476A-BA4C-A9921034DAC3} = {115DC5C1-4C28-49CE-A2ED-0E58963DDEAB}
		{40E88D99-4EFA-498E-9A6E-A8D11E6C4E78} = {115DC5C1-4C28-49CE-A2ED-0E58963DDEAB}
		{C691CEAB-EB57-4AA9-AEFB-3002DAFB57AA} = {BD369EE0-31A2-476A-BA4C-A9921034DAC3}
		{E3EC1606-5232-47AA-8F03-A4CCC583A7CA} = {582340EE-71CA-4122-9462-986441A13890}
		{841532F4-09EF-4B4B-9D66-59ABED84B770} = {0678664D-56CB-4C7B-999F-C8B369C9A5C7}
		{12C38C3C-5C6E-49E6-855C-E16841B7A287} = {0678664D-56CB-4C7B-999F-C8B369C9A5C7}
		{4F5C04CB-E485-499D-9843-4FBCE4221C49} = {12C38C3C-5C6E-49E6-855C-E16841B7A287}
		{FE14CB9D-559D-465F-991D-20B9BCD29222} = {0678664D-56CB-4C7B-999F-C8B369C9A5C7}
		{4D917F74-4921-4255-8A4D-9EE1C91A063F} = {12C38C3C-5C6E-49E6-855C-E16841B7A287}
	EndGlobalSection
	GlobalSection(ExtensibilityGlobals) = postSolution
		SolutionGuid = {66C07B46-0028-4BC4-8B90-CFDA0716BCFD}
	EndGlobalSection
EndGlobal
